
Microsoft Visual Studio Solution File, Format Version 12.00
# Visual Studio Version 17
VisualStudioVersion = 17.2.32602.215
MinimumVisualStudioVersion = 10.0.40219.1
Project("{FAE04EC0-301F-11D3-BF4B-00C04F79EFBC}") = "BackEnd", "BackEnd\BackEnd.csproj", "{164D872C-1589-436D-B3AE-4562A9AEE3F0}"
EndProject
Global
	GlobalSection(SolutionConfigurationPlatforms) = preSolution
		Debug|Any CPU = Debug|Any CPU
		Release|Any CPU = Release|Any CPU
	EndGlobalSection
	GlobalSection(ProjectConfigurationPlatforms) = postSolution
		{164D872C-1589-436D-B3AE-4562A9AEE3F0}.Debug|Any CPU.ActiveCfg = Debug|Any CPU
		{164D872C-1589-436D-B3AE-4562A9AEE3F0}.Debug|Any CPU.Build.0 = Debug|Any CPU
		{164D872C-1589-436D-B3AE-4562A9AEE3F0}.Release|Any CPU.ActiveCfg = Release|Any CPU
		{164D872C-1589-436D-B3AE-4562A9AEE3F0}.Release|Any CPU.Build.0 = Release|Any CPU
	EndGlobalSection
	GlobalSection(SolutionProperties) = preSolution
		HideSolutionNode = FALSE
	EndGlobalSection
	GlobalSection(ExtensibilityGlobals) = postSolution
		SolutionGuid = {60BFB4D0-7E3B-4B69-9140-90F4117615DA}
	EndGlobalSection
EndGlobal
